
Microsoft Visual Studio Solution File, Format Version 12.00
# Visual Studio 14
VisualStudioVersion = 14.0.25420.1
MinimumVisualStudioVersion = 10.0.40219.1
Project("{2150E333-8FDC-42A3-9474-1A3956D46DE8}") = "src", "src", "{9C728A6A-978F-4A22-83BE-0839FFE12C6A}"
EndProject
Project("{2150E333-8FDC-42A3-9474-1A3956D46DE8}") = "Solution Items", "Solution Items", "{F4334971-DF6D-4995-B599-DBB62F28800A}"
	ProjectSection(SolutionItems) = preProject
		global.json = global.json
	EndProjectSection
EndProject
Project("{8BB2217D-0F2D-49D1-97BC-3654ED321F3B}") = "DrinkAndGo", "src\DrinkAndGo\DrinkAndGo.xproj", "{E6906170-502D-404D-B3CE-79B066EF7130}"
EndProject
Global
	GlobalSection(SolutionConfigurationPlatforms) = preSolution
		Debug|Any CPU = Debug|Any CPU
		Release|Any CPU = Release|Any CPU
	EndGlobalSection
	GlobalSection(ProjectConfigurationPlatforms) = postSolution
		{E6906170-502D-404D-B3CE-79B066EF7130}.Debug|Any CPU.ActiveCfg = Debug|Any CPU
		{E6906170-502D-404D-B3CE-79B066EF7130}.Debug|Any CPU.Build.0 = Debug|Any CPU
		{E6906170-502D-404D-B3CE-79B066EF7130}.Release|Any CPU.ActiveCfg = Release|Any CPU
		{E6906170-502D-404D-B3CE-79B066EF7130}.Release|Any CPU.Build.0 = Release|Any CPU
	EndGlobalSection
	GlobalSection(SolutionProperties) = preSolution
		HideSolutionNode = FALSE
	EndGlobalSection
	GlobalSection(NestedProjects) = preSolution
		{E6906170-502D-404D-B3CE-79B066EF7130} = {9C728A6A-978F-4A22-83BE-0839FFE12C6A}
	EndGlobalSection
EndGlobal
